
Microsoft Visual Studio Solution File, Format Version 12.00
# Visual Studio Version 17
VisualStudioVersion = 17.4.33122.133
MinimumVisualStudioVersion = 10.0.40219.1
Project("{FAE04EC0-301F-11D3-BF4B-00C04F79EFBC}") = "eTicketMVC", "eTicketMVC\eTicketMVC.csproj", "{BE585F5B-D8A0-4E01-8BE6-F7B3F7F198F2}"
EndProject
Global
	GlobalSection(SolutionConfigurationPlatforms) = preSolution
		Debug|Any CPU = Debug|Any CPU
		Release|Any CPU = Release|Any CPU
	EndGlobalSection
	GlobalSection(ProjectConfigurationPlatforms) = postSolution
		{BE585F5B-D8A0-4E01-8BE6-F7B3F7F198F2}.Debug|Any CPU.ActiveCfg = Debug|Any CPU
		{BE585F5B-D8A0-4E01-8BE6-F7B3F7F198F2}.Debug|Any CPU.Build.0 = Debug|Any CPU
		{BE585F5B-D8A0-4E01-8BE6-F7B3F7F198F2}.Release|Any CPU.ActiveCfg = Release|Any CPU
		{BE585F5B-D8A0-4E01-8BE6-F7B3F7F198F2}.Release|Any CPU.Build.0 = Release|Any CPU
	EndGlobalSection
	GlobalSection(SolutionProperties) = preSolution
		HideSolutionNode = FALSE
	EndGlobalSection
	GlobalSection(ExtensibilityGlobals) = postSolution
		SolutionGuid = {4C6041C1-BEFD-4A72-8ABD-D264215A5527}
	EndGlobalSection
EndGlobal
